
Microsoft Visual Studio Solution File, Format Version 12.00
# Visual Studio Version 16
VisualStudioVersion = 16.0.31613.86
MinimumVisualStudioVersion = 10.0.40219.1
Project("{FAE04EC0-301F-11D3-BF4B-00C04F79EFBC}") = "Shop", "Shop\Shop.csproj", "{AF913188-F54C-40DE-B990-BFC5B37B1954}"
EndProject
Global
	GlobalSection(SolutionConfigurationPlatforms) = preSolution
		Debug|Any CPU = Debug|Any CPU
		Release|Any CPU = Release|Any CPU
	EndGlobalSection
	GlobalSection(ProjectConfigurationPlatforms) = postSolution
		{AF913188-F54C-40DE-B990-BFC5B37B1954}.Debug|Any CPU.ActiveCfg = Debug|Any CPU
		{AF913188-F54C-40DE-B990-BFC5B37B1954}.Debug|Any CPU.Build.0 = Debug|Any CPU
		{AF913188-F54C-40DE-B990-BFC5B37B1954}.Release|Any CPU.ActiveCfg = Release|Any CPU
		{AF913188-F54C-40DE-B990-BFC5B37B1954}.Release|Any CPU.Build.0 = Release|Any CPU
	EndGlobalSection
	GlobalSection(SolutionProperties) = preSolution
		HideSolutionNode = FALSE
	EndGlobalSection
	GlobalSection(ExtensibilityGlobals) = postSolution
		SolutionGuid = {3267D2C5-7052-4484-BCCC-F64B60467E65}
	EndGlobalSection
EndGlobal
